// !$*UTF8*$!
{
	archiveVersion = 1;
	classes = {
	};
	objectVersion = 50;
	objects = {

/* Begin PBXBuildFile section */
		A104E0EC25E8130B008DE219 /* QuestionsBuilder.swift in Sources */ = {isa = PBXBuildFile; fileRef = A104E0EB25E8130B008DE219 /* QuestionsBuilder.swift */; };
		A104E0EF25E8274F008DE219 /* QuestionsCaretaker.swift in Sources */ = {isa = PBXBuildFile; fileRef = A104E0EE25E8274F008DE219 /* QuestionsCaretaker.swift */; };
		A13A9D3825DEAAAB00ECD03A /* AppDelegate.swift in Sources */ = {isa = PBXBuildFile; fileRef = A13A9D3725DEAAAB00ECD03A /* AppDelegate.swift */; };
		A13A9D3A25DEAAAB00ECD03A /* SceneDelegate.swift in Sources */ = {isa = PBXBuildFile; fileRef = A13A9D3925DEAAAB00ECD03A /* SceneDelegate.swift */; };
		A13A9D3F25DEAAAB00ECD03A /* Main.storyboard in Resources */ = {isa = PBXBuildFile; fileRef = A13A9D3D25DEAAAB00ECD03A /* Main.storyboard */; };
		A13A9D4125DEAAAC00ECD03A /* Assets.xcassets in Resources */ = {isa = PBXBuildFile; fileRef = A13A9D4025DEAAAC00ECD03A /* Assets.xcassets */; };
		A13A9D4425DEAAAC00ECD03A /* LaunchScreen.storyboard in Resources */ = {isa = PBXBuildFile; fileRef = A13A9D4225DEAAAC00ECD03A /* LaunchScreen.storyboard */; };
		A13A9D4E25DEAC1C00ECD03A /* Question.swift in Sources */ = {isa = PBXBuildFile; fileRef = A13A9D4D25DEAC1C00ECD03A /* Question.swift */; };
		A13A9D5325DEB15500ECD03A /* MainViewController.swift in Sources */ = {isa = PBXBuildFile; fileRef = A13A9D5225DEB15500ECD03A /* MainViewController.swift */; };
		A13A9D5925DEB20F00ECD03A /* MainView.swift in Sources */ = {isa = PBXBuildFile; fileRef = A13A9D5825DEB20F00ECD03A /* MainView.swift */; };
		A13A9D5D25DEB8A100ECD03A /* GameViewController.swift in Sources */ = {isa = PBXBuildFile; fileRef = A13A9D5C25DEB8A100ECD03A /* GameViewController.swift */; };
		A13A9D6025DEB8B900ECD03A /* GameView.swift in Sources */ = {isa = PBXBuildFile; fileRef = A13A9D5F25DEB8B900ECD03A /* GameView.swift */; };
		A14B9F6225DFB66E00103F1C /* Game.swift in Sources */ = {isa = PBXBuildFile; fileRef = A14B9F6125DFB66E00103F1C /* Game.swift */; };
		A14B9F6525DFB69600103F1C /* GameSession.swift in Sources */ = {isa = PBXBuildFile; fileRef = A14B9F6425DFB69600103F1C /* GameSession.swift */; };
		A14B9F6825DFC66C00103F1C /* RecordCellTableViewCell.swift in Sources */ = {isa = PBXBuildFile; fileRef = A14B9F6725DFC66C00103F1C /* RecordCellTableViewCell.swift */; };
		A14B9F6B25DFC69900103F1C /* RecordTableViewController.swift in Sources */ = {isa = PBXBuildFile; fileRef = A14B9F6A25DFC69900103F1C /* RecordTableViewController.swift */; };
		A14B9F6F25DFD36600103F1C /* RecordsCaretaker.swift in Sources */ = {isa = PBXBuildFile; fileRef = A14B9F6E25DFD36600103F1C /* RecordsCaretaker.swift */; };
		A1DA0CBD25E3D84B00DC81FF /* Difficulty.swift in Sources */ = {isa = PBXBuildFile; fileRef = A1DA0CBC25E3D84B00DC81FF /* Difficulty.swift */; };
		A1DA0CC625E3DD5000DC81FF /* GameStrategy.swift in Sources */ = {isa = PBXBuildFile; fileRef = A1DA0CC525E3DD5000DC81FF /* GameStrategy.swift */; };
		A1DA0CC925E3DD8000DC81FF /* RandomStrategy.swift in Sources */ = {isa = PBXBuildFile; fileRef = A1DA0CC825E3DD8000DC81FF /* RandomStrategy.swift */; };
		A1DA0CCC25E3DD9700DC81FF /* SequentiallyStrategy.swift in Sources */ = {isa = PBXBuildFile; fileRef = A1DA0CCB25E3DD9700DC81FF /* SequentiallyStrategy.swift */; };
		A1DA0CCF25E3ED8500DC81FF /* SettingsViewController.swift in Sources */ = {isa = PBXBuildFile; fileRef = A1DA0CCE25E3ED8500DC81FF /* SettingsViewController.swift */; };
		A1DA0CD225E3EDA800DC81FF /* SettingsView.swift in Sources */ = {isa = PBXBuildFile; fileRef = A1DA0CD125E3EDA800DC81FF /* SettingsView.swift */; };
		A1DA0CD525E3EF9A00DC81FF /* SettingsSell.swift in Sources */ = {isa = PBXBuildFile; fileRef = A1DA0CD425E3EF9A00DC81FF /* SettingsSell.swift */; };
		A1DA0CD825E415A800DC81FF /* Observer.swift in Sources */ = {isa = PBXBuildFile; fileRef = A1DA0CD725E415A800DC81FF /* Observer.swift */; };
		A1DA0CDB25E4260000DC81FF /* QuestionsViewController.swift in Sources */ = {isa = PBXBuildFile; fileRef = A1DA0CDA25E4260000DC81FF /* QuestionsViewController.swift */; };
		A1DA0CE225E4265B00DC81FF /* QuestionCell.swift in Sources */ = {isa = PBXBuildFile; fileRef = A1DA0CE125E4265B00DC81FF /* QuestionCell.swift */; };
		A1DA0CE625E426D000DC81FF /* QuestionsView.swift in Sources */ = {isa = PBXBuildFile; fileRef = A1DA0CE525E426D000DC81FF /* QuestionsView.swift */; };
/* End PBXBuildFile section */

/* Begin PBXFileReference section */
		A104E0EB25E8130B008DE219 /* QuestionsBuilder.swift */ = {isa = PBXFileReference; lastKnownFileType = sourcecode.swift; path = QuestionsBuilder.swift; sourceTree = "<group>"; };
		A104E0EE25E8274F008DE219 /* QuestionsCaretaker.swift */ = {isa = PBXFileReference; lastKnownFileType = sourcecode.swift; path = QuestionsCaretaker.swift; sourceTree = "<group>"; };
		A13A9D3425DEAAAB00ECD03A /* Millionaire.app */ = {isa = PBXFileReference; explicitFileType = wrapper.application; includeInIndex = 0; path = Millionaire.app; sourceTree = BUILT_PRODUCTS_DIR; };
		A13A9D3725DEAAAB00ECD03A /* AppDelegate.swift */ = {isa = PBXFileReference; lastKnownFileType = sourcecode.swift; path = AppDelegate.swift; sourceTree = "<group>"; };
		A13A9D3925DEAAAB00ECD03A /* SceneDelegate.swift */ = {isa = PBXFileReference; lastKnownFileType = sourcecode.swift; path = SceneDelegate.swift; sourceTree = "<group>"; };
		A13A9D3E25DEAAAB00ECD03A /* Base */ = {isa = PBXFileReference; lastKnownFileType = file.storyboard; name = Base; path = Base.lproj/Main.storyboard; sourceTree = "<group>"; };
		A13A9D4025DEAAAC00ECD03A /* Assets.xcassets */ = {isa = PBXFileReference; lastKnownFileType = folder.assetcatalog; path = Assets.xcassets; sourceTree = "<group>"; };
		A13A9D4325DEAAAC00ECD03A /* Base */ = {isa = PBXFileReference; lastKnownFileType = file.storyboard; name = Base; path = Base.lproj/LaunchScreen.storyboard; sourceTree = "<group>"; };
		A13A9D4525DEAAAC00ECD03A /* Info.plist */ = {isa = PBXFileReference; lastKnownFileType = text.plist.xml; path = Info.plist; sourceTree = "<group>"; };
		A13A9D4D25DEAC1C00ECD03A /* Question.swift */ = {isa = PBXFileReference; lastKnownFileType = sourcecode.swift; path = Question.swift; sourceTree = "<group>"; };
		A13A9D5225DEB15500ECD03A /* MainViewController.swift */ = {isa = PBXFileReference; lastKnownFileType = sourcecode.swift; path = MainViewController.swift; sourceTree = "<group>"; };
		A13A9D5825DEB20F00ECD03A /* MainView.swift */ = {isa = PBXFileReference; lastKnownFileType = sourcecode.swift; path = MainView.swift; sourceTree = "<group>"; };
		A13A9D5C25DEB8A100ECD03A /* GameViewController.swift */ = {isa = PBXFileReference; lastKnownFileType = sourcecode.swift; path = GameViewController.swift; sourceTree = "<group>"; };
		A13A9D5F25DEB8B900ECD03A /* GameView.swift */ = {isa = PBXFileReference; lastKnownFileType = sourcecode.swift; path = GameView.swift; sourceTree = "<group>"; };
		A14B9F6125DFB66E00103F1C /* Game.swift */ = {isa = PBXFileReference; lastKnownFileType = sourcecode.swift; path = Game.swift; sourceTree = "<group>"; };
		A14B9F6425DFB69600103F1C /* GameSession.swift */ = {isa = PBXFileReference; lastKnownFileType = sourcecode.swift; path = GameSession.swift; sourceTree = "<group>"; };
		A14B9F6725DFC66C00103F1C /* RecordCellTableViewCell.swift */ = {isa = PBXFileReference; lastKnownFileType = sourcecode.swift; path = RecordCellTableViewCell.swift; sourceTree = "<group>"; };
		A14B9F6A25DFC69900103F1C /* RecordTableViewController.swift */ = {isa = PBXFileReference; lastKnownFileType = sourcecode.swift; path = RecordTableViewController.swift; sourceTree = "<group>"; };
		A14B9F6E25DFD36600103F1C /* RecordsCaretaker.swift */ = {isa = PBXFileReference; lastKnownFileType = sourcecode.swift; path = RecordsCaretaker.swift; sourceTree = "<group>"; };
		A1DA0CBC25E3D84B00DC81FF /* Difficulty.swift */ = {isa = PBXFileReference; lastKnownFileType = sourcecode.swift; path = Difficulty.swift; sourceTree = "<group>"; };
		A1DA0CC525E3DD5000DC81FF /* GameStrategy.swift */ = {isa = PBXFileReference; lastKnownFileType = sourcecode.swift; path = GameStrategy.swift; sourceTree = "<group>"; };
		A1DA0CC825E3DD8000DC81FF /* RandomStrategy.swift */ = {isa = PBXFileReference; lastKnownFileType = sourcecode.swift; path = RandomStrategy.swift; sourceTree = "<group>"; };
		A1DA0CCB25E3DD9700DC81FF /* SequentiallyStrategy.swift */ = {isa = PBXFileReference; lastKnownFileType = sourcecode.swift; path = SequentiallyStrategy.swift; sourceTree = "<group>"; };
		A1DA0CCE25E3ED8500DC81FF /* SettingsViewController.swift */ = {isa = PBXFileReference; lastKnownFileType = sourcecode.swift; path = SettingsViewController.swift; sourceTree = "<group>"; };
		A1DA0CD125E3EDA800DC81FF /* SettingsView.swift */ = {isa = PBXFileReference; lastKnownFileType = sourcecode.swift; path = SettingsView.swift; sourceTree = "<group>"; };
		A1DA0CD425E3EF9A00DC81FF /* SettingsSell.swift */ = {isa = PBXFileReference; lastKnownFileType = sourcecode.swift; path = SettingsSell.swift; sourceTree = "<group>"; };
		A1DA0CD725E415A800DC81FF /* Observer.swift */ = {isa = PBXFileReference; lastKnownFileType = sourcecode.swift; path = Observer.swift; sourceTree = "<group>"; };
		A1DA0CDA25E4260000DC81FF /* QuestionsViewController.swift */ = {isa = PBXFileReference; lastKnownFileType = sourcecode.swift; path = QuestionsViewController.swift; sourceTree = "<group>"; };
		A1DA0CE125E4265B00DC81FF /* QuestionCell.swift */ = {isa = PBXFileReference; lastKnownFileType = sourcecode.swift; path = QuestionCell.swift; sourceTree = "<group>"; };
		A1DA0CE525E426D000DC81FF /* QuestionsView.swift */ = {isa = PBXFileReference; lastKnownFileType = sourcecode.swift; path = QuestionsView.swift; sourceTree = "<group>"; };
/* End PBXFileReference section */

/* Begin PBXFrameworksBuildPhase section */
		A13A9D3125DEAAAB00ECD03A /* Frameworks */ = {
			isa = PBXFrameworksBuildPhase;
			buildActionMask = 2147483647;
			files = (
			);
			runOnlyForDeploymentPostprocessing = 0;
		};
/* End PBXFrameworksBuildPhase section */

/* Begin PBXGroup section */
		A13A9D2B25DEAAAB00ECD03A = {
			isa = PBXGroup;
			children = (
				A13A9D3625DEAAAB00ECD03A /* Millionaire */,
				A13A9D3525DEAAAB00ECD03A /* Products */,
			);
			sourceTree = "<group>";
		};
		A13A9D3525DEAAAB00ECD03A /* Products */ = {
			isa = PBXGroup;
			children = (
				A13A9D3425DEAAAB00ECD03A /* Millionaire.app */,
			);
			name = Products;
			sourceTree = "<group>";
		};
		A13A9D3625DEAAAB00ECD03A /* Millionaire */ = {
			isa = PBXGroup;
			children = (
				A1DA0CC025E3DBD400DC81FF /* Strategy */,
				A1DA0CBB25E3D82700DC81FF /* Managers */,
				A14B9F6D25DFD34700103F1C /* Services */,
				A13A9D4525DEAAAC00ECD03A /* Info.plist */,
				A13A9D6325DEB8D600ECD03A /* App */,
				A13A9D5725DEB1F100ECD03A /* View */,
				A13A9D5125DEB12600ECD03A /* Controller */,
				A13A9D4C25DEABFD00ECD03A /* Model */,
				A13A9D4025DEAAAC00ECD03A /* Assets.xcassets */,
			);
			path = Millionaire;
			sourceTree = "<group>";
		};
		A13A9D4C25DEABFD00ECD03A /* Model */ = {
			isa = PBXGroup;
			children = (
				A13A9D4D25DEAC1C00ECD03A /* Question.swift */,
				A14B9F6125DFB66E00103F1C /* Game.swift */,
				A14B9F6425DFB69600103F1C /* GameSession.swift */,
			);
			path = Model;
			sourceTree = "<group>";
		};
		A13A9D5125DEB12600ECD03A /* Controller */ = {
			isa = PBXGroup;
			children = (
				A13A9D5225DEB15500ECD03A /* MainViewController.swift */,
				A13A9D5C25DEB8A100ECD03A /* GameViewController.swift */,
				A14B9F6A25DFC69900103F1C /* RecordTableViewController.swift */,
				A1DA0CCE25E3ED8500DC81FF /* SettingsViewController.swift */,
				A1DA0CDA25E4260000DC81FF /* QuestionsViewController.swift */,
			);
			path = Controller;
			sourceTree = "<group>";
		};
		A13A9D5725DEB1F100ECD03A /* View */ = {
			isa = PBXGroup;
			children = (
				A1DA0CE025E4262100DC81FF /* Cell */,
				A13A9D5825DEB20F00ECD03A /* MainView.swift */,
				A13A9D5F25DEB8B900ECD03A /* GameView.swift */,
				A13A9D3D25DEAAAB00ECD03A /* Main.storyboard */,
				A1DA0CD125E3EDA800DC81FF /* SettingsView.swift */,
				A1DA0CE525E426D000DC81FF /* QuestionsView.swift */,
			);
			path = View;
			sourceTree = "<group>";
		};
		A13A9D6325DEB8D600ECD03A /* App */ = {
			isa = PBXGroup;
			children = (
				A13A9D4225DEAAAC00ECD03A /* LaunchScreen.storyboard */,
				A13A9D3925DEAAAB00ECD03A /* SceneDelegate.swift */,
				A13A9D3725DEAAAB00ECD03A /* AppDelegate.swift */,
			);
			path = App;
			sourceTree = "<group>";
		};
		A14B9F6D25DFD34700103F1C /* Services */ = {
			isa = PBXGroup;
			children = (
				A14B9F6E25DFD36600103F1C /* RecordsCaretaker.swift */,
				A1DA0CD725E415A800DC81FF /* Observer.swift */,
				A104E0EB25E8130B008DE219 /* QuestionsBuilder.swift */,
				A104E0EE25E8274F008DE219 /* QuestionsCaretaker.swift */,
			);
			path = Services;
			sourceTree = "<group>";
		};
		A1DA0CBB25E3D82700DC81FF /* Managers */ = {
			isa = PBXGroup;
			children = (
				A1DA0CBC25E3D84B00DC81FF /* Difficulty.swift */,
			);
			path = Managers;
			sourceTree = "<group>";
		};
		A1DA0CC025E3DBD400DC81FF /* Strategy */ = {
			isa = PBXGroup;
			children = (
				A1DA0CC525E3DD5000DC81FF /* GameStrategy.swift */,
				A1DA0CC825E3DD8000DC81FF /* RandomStrategy.swift */,
				A1DA0CCB25E3DD9700DC81FF /* SequentiallyStrategy.swift */,
			);
			path = Strategy;
			sourceTree = "<group>";
		};
		A1DA0CE025E4262100DC81FF /* Cell */ = {
			isa = PBXGroup;
			children = (
				A1DA0CD425E3EF9A00DC81FF /* SettingsSell.swift */,
				A14B9F6725DFC66C00103F1C /* RecordCellTableViewCell.swift */,
				A1DA0CE125E4265B00DC81FF /* QuestionCell.swift */,
			);
			path = Cell;
			sourceTree = "<group>";
		};
/* End PBXGroup section */

/* Begin PBXNativeTarget section */
		A13A9D3325DEAAAB00ECD03A /* Millionaire */ = {
			isa = PBXNativeTarget;
			buildConfigurationList = A13A9D4825DEAAAC00ECD03A /* Build configuration list for PBXNativeTarget "Millionaire" */;
			buildPhases = (
				A13A9D3025DEAAAB00ECD03A /* Sources */,
				A13A9D3125DEAAAB00ECD03A /* Frameworks */,
				A13A9D3225DEAAAB00ECD03A /* Resources */,
			);
			buildRules = (
			);
			dependencies = (
			);
			name = Millionaire;
			productName = Millionaire;
			productReference = A13A9D3425DEAAAB00ECD03A /* Millionaire.app */;
			productType = "com.apple.product-type.application";
		};
/* End PBXNativeTarget section */

/* Begin PBXProject section */
		A13A9D2C25DEAAAB00ECD03A /* Project object */ = {
			isa = PBXProject;
			attributes = {
				LastSwiftUpdateCheck = 1240;
				LastUpgradeCheck = 1240;
				TargetAttributes = {
					A13A9D3325DEAAAB00ECD03A = {
						CreatedOnToolsVersion = 12.4;
					};
				};
			};
			buildConfigurationList = A13A9D2F25DEAAAB00ECD03A /* Build configuration list for PBXProject "Millionaire" */;
			compatibilityVersion = "Xcode 9.3";
			developmentRegion = en;
			hasScannedForEncodings = 0;
			knownRegions = (
				en,
				Base,
			);
			mainGroup = A13A9D2B25DEAAAB00ECD03A;
			productRefGroup = A13A9D3525DEAAAB00ECD03A /* Products */;
			projectDirPath = "";
			projectRoot = "";
			targets = (
				A13A9D3325DEAAAB00ECD03A /* Millionaire */,
			);
		};
/* End PBXProject section */

/* Begin PBXResourcesBuildPhase section */
		A13A9D3225DEAAAB00ECD03A /* Resources */ = {
			isa = PBXResourcesBuildPhase;
			buildActionMask = 2147483647;
			files = (
				A13A9D4425DEAAAC00ECD03A /* LaunchScreen.storyboard in Resources */,
				A13A9D4125DEAAAC00ECD03A /* Assets.xcassets in Resources */,
				A13A9D3F25DEAAAB00ECD03A /* Main.storyboard in Resources */,
			);
			runOnlyForDeploymentPostprocessing = 0;
		};
/* End PBXResourcesBuildPhase section */

/* Begin PBXSourcesBuildPhase section */
		A13A9D3025DEAAAB00ECD03A /* Sources */ = {
			isa = PBXSourcesBuildPhase;
			buildActionMask = 2147483647;
			files = (
				A13A9D5D25DEB8A100ECD03A /* GameViewController.swift in Sources */,
				A1DA0CD825E415A800DC81FF /* Observer.swift in Sources */,
				A104E0EF25E8274F008DE219 /* QuestionsCaretaker.swift in Sources */,
				A1DA0CE625E426D000DC81FF /* QuestionsView.swift in Sources */,
				A14B9F6F25DFD36600103F1C /* RecordsCaretaker.swift in Sources */,
				A13A9D5925DEB20F00ECD03A /* MainView.swift in Sources */,
				A1DA0CD225E3EDA800DC81FF /* SettingsView.swift in Sources */,
				A14B9F6B25DFC69900103F1C /* RecordTableViewController.swift in Sources */,
				A13A9D4E25DEAC1C00ECD03A /* Question.swift in Sources */,
				A13A9D3825DEAAAB00ECD03A /* AppDelegate.swift in Sources */,
				A1DA0CDB25E4260000DC81FF /* QuestionsViewController.swift in Sources */,
				A13A9D3A25DEAAAB00ECD03A /* SceneDelegate.swift in Sources */,
				A104E0EC25E8130B008DE219 /* QuestionsBuilder.swift in Sources */,
				A13A9D6025DEB8B900ECD03A /* GameView.swift in Sources */,
				A1DA0CCC25E3DD9700DC81FF /* SequentiallyStrategy.swift in Sources */,
				A13A9D5325DEB15500ECD03A /* MainViewController.swift in Sources */,
				A1DA0CC925E3DD8000DC81FF /* RandomStrategy.swift in Sources */,
				A1DA0CD525E3EF9A00DC81FF /* SettingsSell.swift in Sources */,
				A14B9F6525DFB69600103F1C /* GameSession.swift in Sources */,
				A1DA0CCF25E3ED8500DC81FF /* SettingsViewController.swift in Sources */,
				A14B9F6825DFC66C00103F1C /* RecordCellTableViewCell.swift in Sources */,
				A14B9F6225DFB66E00103F1C /* Game.swift in Sources */,
				A1DA0CC625E3DD5000DC81FF /* GameStrategy.swift in Sources */,
				A1DA0CE225E4265B00DC81FF /* QuestionCell.swift in Sources */,
				A1DA0CBD25E3D84B00DC81FF /* Difficulty.swift in Sources */,
			);
			runOnlyForDeploymentPostprocessing = 0;
		};
/* End PBXSourcesBuildPhase section */

/* Begin PBXVariantGroup section */
		A13A9D3D25DEAAAB00ECD03A /* Main.storyboard */ = {
			isa = PBXVariantGroup;
			children = (
				A13A9D3E25DEAAAB00ECD03A /* Base */,
			);
			name = Main.storyboard;
			sourceTree = "<group>";
		};
		A13A9D4225DEAAAC00ECD03A /* LaunchScreen.storyboard */ = {
			isa = PBXVariantGroup;
			children = (
				A13A9D4325DEAAAC00ECD03A /* Base */,
			);
			name = LaunchScreen.storyboard;
			sourceTree = "<group>";
		};
/* End PBXVariantGroup section */

/* Begin XCBuildConfiguration section */
		A13A9D4625DEAAAC00ECD03A /* Debug */ = {
			isa = XCBuildConfiguration;
			buildSettings = {
				ALWAYS_SEARCH_USER_PATHS = NO;
				CLANG_ANALYZER_NONNULL = YES;
				CLANG_ANALYZER_NUMBER_OBJECT_CONVERSION = YES_AGGRESSIVE;
				CLANG_CXX_LANGUAGE_STANDARD = "gnu++14";
				CLANG_CXX_LIBRARY = "libc++";
				CLANG_ENABLE_MODULES = YES;
				CLANG_ENABLE_OBJC_ARC = YES;
				CLANG_ENABLE_OBJC_WEAK = YES;
				CLANG_WARN_BLOCK_CAPTURE_AUTORELEASING = YES;
				CLANG_WARN_BOOL_CONVERSION = YES;
				CLANG_WARN_COMMA = YES;
				CLANG_WARN_CONSTANT_CONVERSION = YES;
				CLANG_WARN_DEPRECATED_OBJC_IMPLEMENTATIONS = YES;
				CLANG_WARN_DIRECT_OBJC_ISA_USAGE = YES_ERROR;
				CLANG_WARN_DOCUMENTATION_COMMENTS = YES;
				CLANG_WARN_EMPTY_BODY = YES;
				CLANG_WARN_ENUM_CONVERSION = YES;
				CLANG_WARN_INFINITE_RECURSION = YES;
				CLANG_WARN_INT_CONVERSION = YES;
				CLANG_WARN_NON_LITERAL_NULL_CONVERSION = YES;
				CLANG_WARN_OBJC_IMPLICIT_RETAIN_SELF = YES;
				CLANG_WARN_OBJC_LITERAL_CONVERSION = YES;
				CLANG_WARN_OBJC_ROOT_CLASS = YES_ERROR;
				CLANG_WARN_QUOTED_INCLUDE_IN_FRAMEWORK_HEADER = YES;
				CLANG_WARN_RANGE_LOOP_ANALYSIS = YES;
				CLANG_WARN_STRICT_PROTOTYPES = YES;
				CLANG_WARN_SUSPICIOUS_MOVE = YES;
				CLANG_WARN_UNGUARDED_AVAILABILITY = YES_AGGRESSIVE;
				CLANG_WARN_UNREACHABLE_CODE = YES;
				CLANG_WARN__DUPLICATE_METHOD_MATCH = YES;
				COPY_PHASE_STRIP = NO;
				DEBUG_INFORMATION_FORMAT = dwarf;
				ENABLE_STRICT_OBJC_MSGSEND = YES;
				ENABLE_TESTABILITY = YES;
				GCC_C_LANGUAGE_STANDARD = gnu11;
				GCC_DYNAMIC_NO_PIC = NO;
				GCC_NO_COMMON_BLOCKS = YES;
				GCC_OPTIMIZATION_LEVEL = 0;
				GCC_PREPROCESSOR_DEFINITIONS = (
					"DEBUG=1",
					"$(inherited)",
				);
				GCC_WARN_64_TO_32_BIT_CONVERSION = YES;
				GCC_WARN_ABOUT_RETURN_TYPE = YES_ERROR;
				GCC_WARN_UNDECLARED_SELECTOR = YES;
				GCC_WARN_UNINITIALIZED_AUTOS = YES_AGGRESSIVE;
				GCC_WARN_UNUSED_FUNCTION = YES;
				GCC_WARN_UNUSED_VARIABLE = YES;
				IPHONEOS_DEPLOYMENT_TARGET = 14.4;
				MTL_ENABLE_DEBUG_INFO = INCLUDE_SOURCE;
				MTL_FAST_MATH = YES;
				ONLY_ACTIVE_ARCH = YES;
				SDKROOT = iphoneos;
				SWIFT_ACTIVE_COMPILATION_CONDITIONS = DEBUG;
				SWIFT_OPTIMIZATION_LEVEL = "-Onone";
			};
			name = Debug;
		};
		A13A9D4725DEAAAC00ECD03A /* Release */ = {
			isa = XCBuildConfiguration;
			buildSettings = {
				ALWAYS_SEARCH_USER_PATHS = NO;
				CLANG_ANALYZER_NONNULL = YES;
				CLANG_ANALYZER_NUMBER_OBJECT_CONVERSION = YES_AGGRESSIVE;
				CLANG_CXX_LANGUAGE_STANDARD = "gnu++14";
				CLANG_CXX_LIBRARY = "libc++";
				CLANG_ENABLE_MODULES = YES;
				CLANG_ENABLE_OBJC_ARC = YES;
				CLANG_ENABLE_OBJC_WEAK = YES;
				CLANG_WARN_BLOCK_CAPTURE_AUTORELEASING = YES;
				CLANG_WARN_BOOL_CONVERSION = YES;
				CLANG_WARN_COMMA = YES;
				CLANG_WARN_CONSTANT_CONVERSION = YES;
				CLANG_WARN_DEPRECATED_OBJC_IMPLEMENTATIONS = YES;
				CLANG_WARN_DIRECT_OBJC_ISA_USAGE = YES_ERROR;
				CLANG_WARN_DOCUMENTATION_COMMENTS = YES;
				CLANG_WARN_EMPTY_BODY = YES;
				CLANG_WARN_ENUM_CONVERSION = YES;
				CLANG_WARN_INFINITE_RECURSION = YES;
				CLANG_WARN_INT_CONVERSION = YES;
				CLANG_WARN_NON_LITERAL_NULL_CONVERSION = YES;
				CLANG_WARN_OBJC_IMPLICIT_RETAIN_SELF = YES;
				CLANG_WARN_OBJC_LITERAL_CONVERSION = YES;
				CLANG_WARN_OBJC_ROOT_CLASS = YES_ERROR;
				CLANG_WARN_QUOTED_INCLUDE_IN_FRAMEWORK_HEADER = YES;
				CLANG_WARN_RANGE_LOOP_ANALYSIS = YES;
				CLANG_WARN_STRICT_PROTOTYPES = YES;
				CLANG_WARN_SUSPICIOUS_MOVE = YES;
				CLANG_WARN_UNGUARDED_AVAILABILITY = YES_AGGRESSIVE;
				CLANG_WARN_UNREACHABLE_CODE = YES;
				CLANG_WARN__DUPLICATE_METHOD_MATCH = YES;
				COPY_PHASE_STRIP = NO;
				DEBUG_INFORMATION_FORMAT = "dwarf-with-dsym";
				ENABLE_NS_ASSERTIONS = NO;
				ENABLE_STRICT_OBJC_MSGSEND = YES;
				GCC_C_LANGUAGE_STANDARD = gnu11;
				GCC_NO_COMMON_BLOCKS = YES;
				GCC_WARN_64_TO_32_BIT_CONVERSION = YES;
				GCC_WARN_ABOUT_RETURN_TYPE = YES_ERROR;
				GCC_WARN_UNDECLARED_SELECTOR = YES;
				GCC_WARN_UNINITIALIZED_AUTOS = YES_AGGRESSIVE;
				GCC_WARN_UNUSED_FUNCTION = YES;
				GCC_WARN_UNUSED_VARIABLE = YES;
				IPHONEOS_DEPLOYMENT_TARGET = 14.4;
				MTL_ENABLE_DEBUG_INFO = NO;
				MTL_FAST_MATH = YES;
				SDKROOT = iphoneos;
				SWIFT_COMPILATION_MODE = wholemodule;
				SWIFT_OPTIMIZATION_LEVEL = "-O";
				VALIDATE_PRODUCT = YES;
			};
			name = Release;
		};
		A13A9D4925DEAAAC00ECD03A /* Debug */ = {
			isa = XCBuildConfiguration;
			buildSettings = {
				ASSETCATALOG_COMPILER_APPICON_NAME = AppIcon;
				ASSETCATALOG_COMPILER_GLOBAL_ACCENT_COLOR_NAME = AccentColor;
				CODE_SIGN_STYLE = Automatic;
				DEVELOPMENT_TEAM = XHN97245U5;
				INFOPLIST_FILE = Millionaire/Info.plist;
				LD_RUNPATH_SEARCH_PATHS = (
					"$(inherited)",
					"@executable_path/Frameworks",
				);
				PRODUCT_BUNDLE_IDENTIFIER = com.konstantinkuznetsov.Millionaire;
				PRODUCT_NAME = "$(TARGET_NAME)";
				SWIFT_VERSION = 5.0;
				TARGETED_DEVICE_FAMILY = "1,2";
			};
			name = Debug;
		};
		A13A9D4A25DEAAAC00ECD03A /* Release */ = {
			isa = XCBuildConfiguration;
			buildSettings = {
				ASSETCATALOG_COMPILER_APPICON_NAME = AppIcon;
				ASSETCATALOG_COMPILER_GLOBAL_ACCENT_COLOR_NAME = AccentColor;
				CODE_SIGN_STYLE = Automatic;
				DEVELOPMENT_TEAM = XHN97245U5;
				INFOPLIST_FILE = Millionaire/Info.plist;
				LD_RUNPATH_SEARCH_PATHS = (
					"$(inherited)",
					"@executable_path/Frameworks",
				);
				PRODUCT_BUNDLE_IDENTIFIER = com.konstantinkuznetsov.Millionaire;
				PRODUCT_NAME = "$(TARGET_NAME)";
				SWIFT_VERSION = 5.0;
				TARGETED_DEVICE_FAMILY = "1,2";
			};
			name = Release;
		};
/* End XCBuildConfiguration section */

/* Begin XCConfigurationList section */
		A13A9D2F25DEAAAB00ECD03A /* Build configuration list for PBXProject "Millionaire" */ = {
			isa = XCConfigurationList;
			buildConfigurations = (
				A13A9D4625DEAAAC00ECD03A /* Debug */,
				A13A9D4725DEAAAC00ECD03A /* Release */,
			);
			defaultConfigurationIsVisible = 0;
			defaultConfigurationName = Release;
		};
		A13A9D4825DEAAAC00ECD03A /* Build configuration list for PBXNativeTarget "Millionaire" */ = {
			isa = XCConfigurationList;
			buildConfigurations = (
				A13A9D4925DEAAAC00ECD03A /* Debug */,
				A13A9D4A25DEAAAC00ECD03A /* Release */,
			);
			defaultConfigurationIsVisible = 0;
			defaultConfigurationName = Release;
		};
/* End XCConfigurationList section */
	};
	rootObject = A13A9D2C25DEAAAB00ECD03A /* Project object */;
}
